// !$*UTF8*$!
{
	archiveVersion = 1;
	classes = {
	};
	objectVersion = 46;
	objects = {

/* Begin PBXBuildFile section */
		C33243D11B67266B00C2F3BC /* AppDelegate.swift in Sources */ = {isa = PBXBuildFile; fileRef = C33243D01B67266B00C2F3BC /* AppDelegate.swift */; };
		C33243D31B67266B00C2F3BC /* ViewController.swift in Sources */ = {isa = PBXBuildFile; fileRef = C33243D21B67266B00C2F3BC /* ViewController.swift */; };
		C33243D61B67266B00C2F3BC /* Main.storyboard in Resources */ = {isa = PBXBuildFile; fileRef = C33243D41B67266B00C2F3BC /* Main.storyboard */; };
		C33243D81B67266B00C2F3BC /* Images.xcassets in Resources */ = {isa = PBXBuildFile; fileRef = C33243D71B67266B00C2F3BC /* Images.xcassets */; };
		C33243DB1B67266B00C2F3BC /* LaunchScreen.xib in Resources */ = {isa = PBXBuildFile; fileRef = C33243D91B67266B00C2F3BC /* LaunchScreen.xib */; };
		C33243E71B67266B00C2F3BC /* TableViewHeaderAnimationTests.swift in Sources */ = {isa = PBXBuildFile; fileRef = C33243E61B67266B00C2F3BC /* TableViewHeaderAnimationTests.swift */; };
		C33243F11B672CC200C2F3BC /* HeaderView.swift in Sources */ = {isa = PBXBuildFile; fileRef = C33243F01B672CC200C2F3BC /* HeaderView.swift */; };
/* End PBXBuildFile section */

/* Begin PBXContainerItemProxy section */
		C33243E11B67266B00C2F3BC /* PBXContainerItemProxy */ = {
			isa = PBXContainerItemProxy;
			containerPortal = C33243C31B67266B00C2F3BC /* Project object */;
			proxyType = 1;
			remoteGlobalIDString = C33243CA1B67266B00C2F3BC;
			remoteInfo = TableViewHeaderAnimation;
		};
/* End PBXContainerItemProxy section */

/* Begin PBXFileReference section */
		C33243CB1B67266B00C2F3BC /* TableViewHeaderAnimation.app */ = {isa = PBXFileReference; explicitFileType = wrapper.application; includeInIndex = 0; path = TableViewHeaderAnimation.app; sourceTree = BUILT_PRODUCTS_DIR; };
		C33243CF1B67266B00C2F3BC /* Info.plist */ = {isa = PBXFileReference; lastKnownFileType = text.plist.xml; path = Info.plist; sourceTree = "<group>"; };
		C33243D01B67266B00C2F3BC /* AppDelegate.swift */ = {isa = PBXFileReference; lastKnownFileType = sourcecode.swift; path = AppDelegate.swift; sourceTree = "<group>"; };
		C33243D21B67266B00C2F3BC /* ViewController.swift */ = {isa = PBXFileReference; lastKnownFileType = sourcecode.swift; path = ViewController.swift; sourceTree = "<group>"; };
		C33243D51B67266B00C2F3BC /* Base */ = {isa = PBXFileReference; lastKnownFileType = file.storyboard; name = Base; path = Base.lproj/Main.storyboard; sourceTree = "<group>"; };
		C33243D71B67266B00C2F3BC /* Images.xcassets */ = {isa = PBXFileReference; lastKnownFileType = folder.assetcatalog; path = Images.xcassets; sourceTree = "<group>"; };
		C33243DA1B67266B00C2F3BC /* Base */ = {isa = PBXFileReference; lastKnownFileType = file.xib; name = Base; path = Base.lproj/LaunchScreen.xib; sourceTree = "<group>"; };
		C33243E01B67266B00C2F3BC /* TableViewHeaderAnimationTests.xctest */ = {isa = PBXFileReference; explicitFileType = wrapper.cfbundle; includeInIndex = 0; path = TableViewHeaderAnimationTests.xctest; sourceTree = BUILT_PRODUCTS_DIR; };
		C33243E51B67266B00C2F3BC /* Info.plist */ = {isa = PBXFileReference; lastKnownFileType = text.plist.xml; path = Info.plist; sourceTree = "<group>"; };
		C33243E61B67266B00C2F3BC /* TableViewHeaderAnimationTests.swift */ = {isa = PBXFileReference; lastKnownFileType = sourcecode.swift; path = TableViewHeaderAnimationTests.swift; sourceTree = "<group>"; };
		C33243F01B672CC200C2F3BC /* HeaderView.swift */ = {isa = PBXFileReference; fileEncoding = 4; lastKnownFileType = sourcecode.swift; path = HeaderView.swift; sourceTree = "<group>"; };
/* End PBXFileReference section */

/* Begin PBXFrameworksBuildPhase section */
		C33243C81B67266B00C2F3BC /* Frameworks */ = {
			isa = PBXFrameworksBuildPhase;
			buildActionMask = 2147483647;
			files = (
			);
			runOnlyForDeploymentPostprocessing = 0;
		};
		C33243DD1B67266B00C2F3BC /* Frameworks */ = {
			isa = PBXFrameworksBuildPhase;
			buildActionMask = 2147483647;
			files = (
			);
			runOnlyForDeploymentPostprocessing = 0;
		};
/* End PBXFrameworksBuildPhase section */

/* Begin PBXGroup section */
		C33243C21B67266B00C2F3BC = {
			isa = PBXGroup;
			children = (
				C33243CD1B67266B00C2F3BC /* TableViewHeaderAnimation */,
				C33243E31B67266B00C2F3BC /* TableViewHeaderAnimationTests */,
				C33243CC1B67266B00C2F3BC /* Products */,
			);
			sourceTree = "<group>";
		};
		C33243CC1B67266B00C2F3BC /* Products */ = {
			isa = PBXGroup;
			children = (
				C33243CB1B67266B00C2F3BC /* TableViewHeaderAnimation.app */,
				C33243E01B67266B00C2F3BC /* TableViewHeaderAnimationTests.xctest */,
			);
			name = Products;
			sourceTree = "<group>";
		};
		C33243CD1B67266B00C2F3BC /* TableViewHeaderAnimation */ = {
			isa = PBXGroup;
			children = (
				C33243D01B67266B00C2F3BC /* AppDelegate.swift */,
				C33243D21B67266B00C2F3BC /* ViewController.swift */,
				C33243D41B67266B00C2F3BC /* Main.storyboard */,
				C33243D71B67266B00C2F3BC /* Images.xcassets */,
				C33243D91B67266B00C2F3BC /* LaunchScreen.xib */,
				C33243CE1B67266B00C2F3BC /* Supporting Files */,
				C33243F01B672CC200C2F3BC /* HeaderView.swift */,
			);
			path = TableViewHeaderAnimation;
			sourceTree = "<group>";
		};
		C33243CE1B67266B00C2F3BC /* Supporting Files */ = {
			isa = PBXGroup;
			children = (
				C33243CF1B67266B00C2F3BC /* Info.plist */,
			);
			name = "Supporting Files";
			sourceTree = "<group>";
		};
		C33243E31B67266B00C2F3BC /* TableViewHeaderAnimationTests */ = {
			isa = PBXGroup;
			children = (
				C33243E61B67266B00C2F3BC /* TableViewHeaderAnimationTests.swift */,
				C33243E41B67266B00C2F3BC /* Supporting Files */,
			);
			path = TableViewHeaderAnimationTests;
			sourceTree = "<group>";
		};
		C33243E41B67266B00C2F3BC /* Supporting Files */ = {
			isa = PBXGroup;
			children = (
				C33243E51B67266B00C2F3BC /* Info.plist */,
			);
			name = "Supporting Files";
			sourceTree = "<group>";
		};
/* End PBXGroup section */

/* Begin PBXNativeTarget section */
		C33243CA1B67266B00C2F3BC /* TableViewHeaderAnimation */ = {
			isa = PBXNativeTarget;
			buildConfigurationList = C33243EA1B67266B00C2F3BC /* Build configuration list for PBXNativeTarget "TableViewHeaderAnimation" */;
			buildPhases = (
				C33243C71B67266B00C2F3BC /* Sources */,
				C33243C81B67266B00C2F3BC /* Frameworks */,
				C33243C91B67266B00C2F3BC /* Resources */,
			);
			buildRules = (
			);
			dependencies = (
			);
			name = TableViewHeaderAnimation;
			productName = TableViewHeaderAnimation;
			productReference = C33243CB1B67266B00C2F3BC /* TableViewHeaderAnimation.app */;
			productType = "com.apple.product-type.application";
		};
		C33243DF1B67266B00C2F3BC /* TableViewHeaderAnimationTests */ = {
			isa = PBXNativeTarget;
			buildConfigurationList = C33243ED1B67266B00C2F3BC /* Build configuration list for PBXNativeTarget "TableViewHeaderAnimationTests" */;
			buildPhases = (
				C33243DC1B67266B00C2F3BC /* Sources */,
				C33243DD1B67266B00C2F3BC /* Frameworks */,
				C33243DE1B67266B00C2F3BC /* Resources */,
			);
			buildRules = (
			);
			dependencies = (
				C33243E21B67266B00C2F3BC /* PBXTargetDependency */,
			);
			name = TableViewHeaderAnimationTests;
			productName = TableViewHeaderAnimationTests;
			productReference = C33243E01B67266B00C2F3BC /* TableViewHeaderAnimationTests.xctest */;
			productType = "com.apple.product-type.bundle.unit-test";
		};
/* End PBXNativeTarget section */

/* Begin PBXProject section */
		C33243C31B67266B00C2F3BC /* Project object */ = {
			isa = PBXProject;
			attributes = {
				LastUpgradeCheck = 0640;
				ORGANIZATIONNAME = Carl.Yang;
				TargetAttributes = {
					C33243CA1B67266B00C2F3BC = {
						CreatedOnToolsVersion = 6.4;
					};
					C33243DF1B67266B00C2F3BC = {
						CreatedOnToolsVersion = 6.4;
						TestTargetID = C33243CA1B67266B00C2F3BC;
					};
				};
			};
			buildConfigurationList = C33243C61B67266B00C2F3BC /* Build configuration list for PBXProject "TableViewHeaderAnimation" */;
			compatibilityVersion = "Xcode 3.2";
			developmentRegion = English;
			hasScannedForEncodings = 0;
			knownRegions = (
				en,
				Base,
			);
			mainGroup = C33243C21B67266B00C2F3BC;
			productRefGroup = C33243CC1B67266B00C2F3BC /* Products */;
			projectDirPath = "";
			projectRoot = "";
			targets = (
				C33243CA1B67266B00C2F3BC /* TableViewHeaderAnimation */,
				C33243DF1B67266B00C2F3BC /* TableViewHeaderAnimationTests */,
			);
		};
/* End PBXProject section */

/* Begin PBXResourcesBuildPhase section */
		C33243C91B67266B00C2F3BC /* Resources */ = {
			isa = PBXResourcesBuildPhase;
			buildActionMask = 2147483647;
			files = (
				C33243D61B67266B00C2F3BC /* Main.storyboard in Resources */,
				C33243DB1B67266B00C2F3BC /* LaunchScreen.xib in Resources */,
				C33243D81B67266B00C2F3BC /* Images.xcassets in Resources */,
			);
			runOnlyForDeploymentPostprocessing = 0;
		};
		C33243DE1B67266B00C2F3BC /* Resources */ = {
			isa = PBXResourcesBuildPhase;
			buildActionMask = 2147483647;
			files = (
			);
			runOnlyForDeploymentPostprocessing = 0;
		};
/* End PBXResourcesBuildPhase section */

/* Begin PBXSourcesBuildPhase section */
		C33243C71B67266B00C2F3BC /* Sources */ = {
			isa = PBXSourcesBuildPhase;
			buildActionMask = 2147483647;
			files = (
				C33243D31B67266B00C2F3BC /* ViewController.swift in Sources */,
				C33243F11B672CC200C2F3BC /* HeaderView.swift in Sources */,
				C33243D11B67266B00C2F3BC /* AppDelegate.swift in Sources */,
			);
			runOnlyForDeploymentPostprocessing = 0;
		};
		C33243DC1B67266B00C2F3BC /* Sources */ = {
			isa = PBXSourcesBuildPhase;
			buildActionMask = 2147483647;
			files = (
				C33243E71B67266B00C2F3BC /* TableViewHeaderAnimationTests.swift in Sources */,
			);
			runOnlyForDeploymentPostprocessing = 0;
		};
/* End PBXSourcesBuildPhase section */

/* Begin PBXTargetDependency section */
		C33243E21B67266B00C2F3BC /* PBXTargetDependency */ = {
			isa = PBXTargetDependency;
			target = C33243CA1B67266B00C2F3BC /* TableViewHeaderAnimation */;
			targetProxy = C33243E11B67266B00C2F3BC /* PBXContainerItemProxy */;
		};
/* End PBXTargetDependency section */

/* Begin PBXVariantGroup section */
		C33243D41B67266B00C2F3BC /* Main.storyboard */ = {
			isa = PBXVariantGroup;
			children = (
				C33243D51B67266B00C2F3BC /* Base */,
			);
			name = Main.storyboard;
			sourceTree = "<group>";
		};
		C33243D91B67266B00C2F3BC /* LaunchScreen.xib */ = {
			isa = PBXVariantGroup;
			children = (
				C33243DA1B67266B00C2F3BC /* Base */,
			);
			name = LaunchScreen.xib;
			sourceTree = "<group>";
		};
/* End PBXVariantGroup section */

/* Begin XCBuildConfiguration section */
		C33243E81B67266B00C2F3BC /* Debug */ = {
			isa = XCBuildConfiguration;
			buildSettings = {
				ALWAYS_SEARCH_USER_PATHS = NO;
				CLANG_CXX_LANGUAGE_STANDARD = "gnu++0x";
				CLANG_CXX_LIBRARY = "libc++";
				CLANG_ENABLE_MODULES = YES;
				CLANG_ENABLE_OBJC_ARC = YES;
				CLANG_WARN_BOOL_CONVERSION = YES;
				CLANG_WARN_CONSTANT_CONVERSION = YES;
				CLANG_WARN_DIRECT_OBJC_ISA_USAGE = YES_ERROR;
				CLANG_WARN_EMPTY_BODY = YES;
				CLANG_WARN_ENUM_CONVERSION = YES;
				CLANG_WARN_INT_CONVERSION = YES;
				CLANG_WARN_OBJC_ROOT_CLASS = YES_ERROR;
				CLANG_WARN_UNREACHABLE_CODE = YES;
				CLANG_WARN__DUPLICATE_METHOD_MATCH = YES;
				"CODE_SIGN_IDENTITY[sdk=iphoneos*]" = "iPhone Developer";
				COPY_PHASE_STRIP = NO;
				DEBUG_INFORMATION_FORMAT = "dwarf-with-dsym";
				ENABLE_STRICT_OBJC_MSGSEND = YES;
				GCC_C_LANGUAGE_STANDARD = gnu99;
				GCC_DYNAMIC_NO_PIC = NO;
				GCC_NO_COMMON_BLOCKS = YES;
				GCC_OPTIMIZATION_LEVEL = 0;
				GCC_PREPROCESSOR_DEFINITIONS = (
					"DEBUG=1",
					"$(inherited)",
				);
				GCC_SYMBOLS_PRIVATE_EXTERN = NO;
				GCC_WARN_64_TO_32_BIT_CONVERSION = YES;
				GCC_WARN_ABOUT_RETURN_TYPE = YES_ERROR;
				GCC_WARN_UNDECLARED_SELECTOR = YES;
				GCC_WARN_UNINITIALIZED_AUTOS = YES_AGGRESSIVE;
				GCC_WARN_UNUSED_FUNCTION = YES;
				GCC_WARN_UNUSED_VARIABLE = YES;
				IPHONEOS_DEPLOYMENT_TARGET = 8.4;
				MTL_ENABLE_DEBUG_INFO = YES;
				ONLY_ACTIVE_ARCH = YES;
				SDKROOT = iphoneos;
				SWIFT_OPTIMIZATION_LEVEL = "-Onone";
			};
			name = Debug;
		};
		C33243E91B67266B00C2F3BC /* Release */ = {
			isa = XCBuildConfiguration;
			buildSettings = {
				ALWAYS_SEARCH_USER_PATHS = NO;
				CLANG_CXX_LANGUAGE_STANDARD = "gnu++0x";
				CLANG_CXX_LIBRARY = "libc++";
				CLANG_ENABLE_MODULES = YES;
				CLANG_ENABLE_OBJC_ARC = YES;
				CLANG_WARN_BOOL_CONVERSION = YES;
				CLANG_WARN_CONSTANT_CONVERSION = YES;
				CLANG_WARN_DIRECT_OBJC_ISA_USAGE = YES_ERROR;
				CLANG_WARN_EMPTY_BODY = YES;
				CLANG_WARN_ENUM_CONVERSION = YES;
				CLANG_WARN_INT_CONVERSION = YES;
				CLANG_WARN_OBJC_ROOT_CLASS = YES_ERROR;
				CLANG_WARN_UNREACHABLE_CODE = YES;
				CLANG_WARN__DUPLICATE_METHOD_MATCH = YES;
				"CODE_SIGN_IDENTITY[sdk=iphoneos*]" = "iPhone Developer";
				COPY_PHASE_STRIP = NO;
				DEBUG_INFORMATION_FORMAT = "dwarf-with-dsym";
				ENABLE_NS_ASSERTIONS = NO;
				ENABLE_STRICT_OBJC_MSGSEND = YES;
				GCC_C_LANGUAGE_STANDARD = gnu99;
				GCC_NO_COMMON_BLOCKS = YES;
				GCC_WARN_64_TO_32_BIT_CONVERSION = YES;
				GCC_WARN_ABOUT_RETURN_TYPE = YES_ERROR;
				GCC_WARN_UNDECLARED_SELECTOR = YES;
				GCC_WARN_UNINITIALIZED_AUTOS = YES_AGGRESSIVE;
				GCC_WARN_UNUSED_FUNCTION = YES;
				GCC_WARN_UNUSED_VARIABLE = YES;
				IPHONEOS_DEPLOYMENT_TARGET = 8.4;
				MTL_ENABLE_DEBUG_INFO = NO;
				SDKROOT = iphoneos;
				VALIDATE_PRODUCT = YES;
			};
			name = Release;
		};
		C33243EB1B67266B00C2F3BC /* Debug */ = {
			isa = XCBuildConfiguration;
			buildSettings = {
				ASSETCATALOG_COMPILER_APPICON_NAME = AppIcon;
				INFOPLIST_FILE = TableViewHeaderAnimation/Info.plist;
				LD_RUNPATH_SEARCH_PATHS = "$(inherited) @executable_path/Frameworks";
				PRODUCT_NAME = "$(TARGET_NAME)";
			};
			name = Debug;
		};
		C33243EC1B67266B00C2F3BC /* Release */ = {
			isa = XCBuildConfiguration;
			buildSettings = {
				ASSETCATALOG_COMPILER_APPICON_NAME = AppIcon;
				INFOPLIST_FILE = TableViewHeaderAnimation/Info.plist;
				LD_RUNPATH_SEARCH_PATHS = "$(inherited) @executable_path/Frameworks";
				PRODUCT_NAME = "$(TARGET_NAME)";
			};
			name = Release;
		};
		C33243EE1B67266B00C2F3BC /* Debug */ = {
			isa = XCBuildConfiguration;
			buildSettings = {
				BUNDLE_LOADER = "$(TEST_HOST)";
				FRAMEWORK_SEARCH_PATHS = (
					"$(SDKROOT)/Developer/Library/Frameworks",
					"$(inherited)",
				);
				GCC_PREPROCESSOR_DEFINITIONS = (
					"DEBUG=1",
					"$(inherited)",
				);
				INFOPLIST_FILE = TableViewHeaderAnimationTests/Info.plist;
				LD_RUNPATH_SEARCH_PATHS = "$(inherited) @executable_path/Frameworks @loader_path/Frameworks";
				PRODUCT_NAME = "$(TARGET_NAME)";
				TEST_HOST = "$(BUILT_PRODUCTS_DIR)/TableViewHeaderAnimation.app/TableViewHeaderAnimation";
			};
			name = Debug;
		};
		C33243EF1B67266B00C2F3BC /* Release */ = {
			isa = XCBuildConfiguration;
			buildSettings = {
				BUNDLE_LOADER = "$(TEST_HOST)";
				FRAMEWORK_SEARCH_PATHS = (
					"$(SDKROOT)/Developer/Library/Frameworks",
					"$(inherited)",
				);
				INFOPLIST_FILE = TableViewHeaderAnimationTests/Info.plist;
				LD_RUNPATH_SEARCH_PATHS = "$(inherited) @executable_path/Frameworks @loader_path/Frameworks";
				PRODUCT_NAME = "$(TARGET_NAME)";
				TEST_HOST = "$(BUILT_PRODUCTS_DIR)/TableViewHeaderAnimation.app/TableViewHeaderAnimation";
			};
			name = Release;
		};
/* End XCBuildConfiguration section */

/* Begin XCConfigurationList section */
		C33243C61B67266B00C2F3BC /* Build configuration list for PBXProject "TableViewHeaderAnimation" */ = {
			isa = XCConfigurationList;
			buildConfigurations = (
				C33243E81B67266B00C2F3BC /* Debug */,
				C33243E91B67266B00C2F3BC /* Release */,
			);
			defaultConfigurationIsVisible = 0;
			defaultConfigurationName = Release;
		};
		C33243EA1B67266B00C2F3BC /* Build configuration list for PBXNativeTarget "TableViewHeaderAnimation" */ = {
			isa = XCConfigurationList;
			buildConfigurations = (
				C33243EB1B67266B00C2F3BC /* Debug */,
				C33243EC1B67266B00C2F3BC /* Release */,
			);
			defaultConfigurationIsVisible = 0;
		};
		C33243ED1B67266B00C2F3BC /* Build configuration list for PBXNativeTarget "TableViewHeaderAnimationTests" */ = {
			isa = XCConfigurationList;
			buildConfigurations = (
				C33243EE1B67266B00C2F3BC /* Debug */,
				C33243EF1B67266B00C2F3BC /* Release */,
			);
			defaultConfigurationIsVisible = 0;
		};
/* End XCConfigurationList section */
	};
	rootObject = C33243C31B67266B00C2F3BC /* Project object */;
}
